<?xml version="1.0" encoding="utf-8"?>
<Project ToolsVersion="4.0" xmlns="http://schemas.microsoft.com/developer/msbuild/2003">
  <ItemGroup>
    <Filter Include="Source Files">
      <UniqueIdentifier>{4FC737F1-C7A5-4376-A066-2A32D752A2FF}</UniqueIdentifier>
      <Extensions>cpp;c;cc;cxx;c++;cppm;ixx;def;odl;idl;hpj;bat;asm;asmx</Extensions>
    </Filter>
    <Filter Include="Header Files">
      <UniqueIdentifier>{93995380-89BD-4b04-88EB-625FBE52EBFB}</UniqueIdentifier>
      <Extensions>h;hh;hpp;hxx;h++;hm;inl;inc;ipp;xsd</Extensions>
    </Filter>
    <Filter Include="Resource Files">
      <UniqueIdentifier>{67DA6AB6-F800-4c08-8B7A-83BB121AAD01}</UniqueIdentifier>
      <Extensions>rc;ico;cur;bmp;dlg;rc2;rct;bin;rgs;gif;jpg;jpeg;jpe;resx;tiff;tif;png;wav;mfcribbon-ms</Extensions>
    </Filter>
    <Filter Include="Source Files\qcommon">
      <UniqueIdentifier>{f1619259-5a41-4041-8685-10ac1b1756cf}</UniqueIdentifier>
    </Filter>
    <Filter Include="Header Files\qcommon">
      <UniqueIdentifier>{4b3c5d43-ebc5-42c9-ba74-f05e37fb963c}</UniqueIdentifier>
    </Filter>
    <Filter Include="Header Files\server">
      <UniqueIdentifier>{f004a9e8-b00b-40ec-9780-49bca66a413d}</UniqueIdentifier>
    </Filter>
    <Filter Include="Source Files\server">
      <UniqueIdentifier>{bdbc3d5a-ded9-4144-b3b8-3f1ea194c3cf}</UniqueIdentifier>
    </Filter>
    <Filter Include="Header Files\client">
      <UniqueIdentifier>{18902edf-edd0-4305-a3ac-44777545bd01}</UniqueIdentifier>
    </Filter>
    <Filter Include="Source Files\client">
      <UniqueIdentifier>{16f7b7f8-1297-4fd6-aa47-da4041f3d6b7}</UniqueIdentifier>
    </Filter>
    <Filter Include="Header Files\game">
      <UniqueIdentifier>{ac541cd4-1c8d-4b80-9bc2-0a7fed4f7f29}</UniqueIdentifier>
    </Filter>
    <Filter Include="Source Files\game">
      <UniqueIdentifier>{5d620ddc-e6ca-4cc9-88bc-980704aa33f4}</UniqueIdentifier>
    </Filter>
    <Filter Include="Header Files\win32">
      <UniqueIdentifier>{5295fa6d-3f3f-4c1d-b190-c5840b72dfe6}</UniqueIdentifier>
    </Filter>
    <Filter Include="Source Files\win32">
      <UniqueIdentifier>{2a01bbc2-801e-44d1-9410-c6351c595c9a}</UniqueIdentifier>
    </Filter>
  </ItemGroup>
  <ItemGroup>
    <Image Include="src\win32\q2.ico">
      <Filter>Resource Files</Filter>
    </Image>
  </ItemGroup>
  <ItemGroup>
    <ResourceCompile Include="src\win32\q2.rc">
      <Filter>Resource Files</Filter>
    </ResourceCompile>
  </ItemGroup>
  <ItemGroup>
    <ClCompile Include="src\qcommon\cvar.c">
      <Filter>Source Files\qcommon</Filter>
    </ClCompile>
    <ClCompile Include="src\qcommon\files.c">
      <Filter>Source Files\qcommon</Filter>
    </ClCompile>
    <ClCompile Include="src\qcommon\md4.c">
      <Filter>Source Files\qcommon</Filter>
    </ClCompile>
    <ClCompile Include="src\qcommon\net_chan.c">
      <Filter>Source Files\qcommon</Filter>
    </ClCompile>
    <ClCompile Include="src\qcommon\pmove.c">
      <Filter>Source Files\qcommon</Filter>
    </ClCompile>
    <ClCompile Include="src\qcommon\cmd.c">
      <Filter>Source Files\qcommon</Filter>
    </ClCompile>
    <ClCompile Include="src\qcommon\cmodel.c">
      <Filter>Source Files\qcommon</Filter>
    </ClCompile>
    <ClCompile Include="src\qcommon\common.c">
      <Filter>Source Files\qcommon</Filter>
    </ClCompile>
    <ClCompile Include="src\qcommon\crc.c">
      <Filter>Source Files\qcommon</Filter>
    </ClCompile>
    <ClCompile Include="src\server\sv_ccmds.c">
      <Filter>Source Files\server</Filter>
    </ClCompile>
    <ClCompile Include="src\server\sv_ents.c">
      <Filter>Source Files\server</Filter>
    </ClCompile>
    <ClCompile Include="src\server\sv_game.c">
      <Filter>Source Files\server</Filter>
    </ClCompile>
    <ClCompile Include="src\server\sv_init.c">
      <Filter>Source Files\server</Filter>
    </ClCompile>
    <ClCompile Include="src\server\sv_main.c">
      <Filter>Source Files\server</Filter>
    </ClCompile>
    <ClCompile Include="src\server\sv_send.c">
      <Filter>Source Files\server</Filter>
    </ClCompile>
    <ClCompile Include="src\server\sv_user.c">
      <Filter>Source Files\server</Filter>
    </ClCompile>
    <ClCompile Include="src\server\sv_world.c">
      <Filter>Source Files\server</Filter>
    </ClCompile>
    <ClCompile Include="src\client\cl_pred.c">
      <Filter>Source Files\client</Filter>
    </ClCompile>
    <ClCompile Include="src\client\cl_scrn.c">
      <Filter>Source Files\client</Filter>
    </ClCompile>
    <ClCompile Include="src\client\cl_tent.c">
      <Filter>Source Files\client</Filter>
    </ClCompile>
    <ClCompile Include="src\client\cl_view.c">
      <Filter>Source Files\client</Filter>
    </ClCompile>
    <ClCompile Include="src\client\console.c">
      <Filter>Source Files\client</Filter>
    </ClCompile>
    <ClCompile Include="src\client\keys.c">
      <Filter>Source Files\client</Filter>
    </ClCompile>
    <ClCompile Include="src\client\menu.c">
      <Filter>Source Files\client</Filter>
    </ClCompile>
    <ClCompile Include="src\client\qmenu.c">
      <Filter>Source Files\client</Filter>
    </ClCompile>
    <ClCompile Include="src\client\snd_dma.c">
      <Filter>Source Files\client</Filter>
    </ClCompile>
    <ClCompile Include="src\client\snd_mem.c">
      <Filter>Source Files\client</Filter>
    </ClCompile>
    <ClCompile Include="src\client\snd_mix.c">
      <Filter>Source Files\client</Filter>
    </ClCompile>
    <ClCompile Include="src\client\x86.c">
      <Filter>Source Files\client</Filter>
    </ClCompile>
    <ClCompile Include="src\client\cl_cin.c">
      <Filter>Source Files\client</Filter>
    </ClCompile>
    <ClCompile Include="src\client\cl_ents.c">
      <Filter>Source Files\client</Filter>
    </ClCompile>
    <ClCompile Include="src\client\cl_fx.c">
      <Filter>Source Files\client</Filter>
    </ClCompile>
    <ClCompile Include="src\client\cl_input.c">
      <Filter>Source Files\client</Filter>
    </ClCompile>
    <ClCompile Include="src\client\cl_inv.c">
      <Filter>Source Files\client</Filter>
    </ClCompile>
    <ClCompile Include="src\client\cl_main.c">
      <Filter>Source Files\client</Filter>
    </ClCompile>
    <ClCompile Include="src\client\cl_newfx.c">
      <Filter>Source Files\client</Filter>
    </ClCompile>
    <ClCompile Include="src\client\cl_parse.c">
      <Filter>Source Files\client</Filter>
    </ClCompile>
    <ClCompile Include="src\game\m_flash.c">
      <Filter>Source Files\game</Filter>
    </ClCompile>
    <ClCompile Include="src\game\q_shared.c">
      <Filter>Source Files\game</Filter>
    </ClCompile>
    <ClCompile Include="src\win32\sys_win.c">
      <Filter>Source Files\win32</Filter>
    </ClCompile>
    <ClCompile Include="src\win32\vid_dll.c">
      <Filter>Source Files\win32</Filter>
    </ClCompile>
    <ClCompile Include="src\win32\vid_menu.c">
      <Filter>Source Files\win32</Filter>
    </ClCompile>
    <ClCompile Include="src\win32\conproc.c">
      <Filter>Source Files\win32</Filter>
    </ClCompile>
    <ClCompile Include="src\win32\in_win.c">
      <Filter>Source Files\win32</Filter>
    </ClCompile>
    <ClCompile Include="src\win32\net_wins.c">
      <Filter>Source Files\win32</Filter>
    </ClCompile>
    <ClCompile Include="src\win32\q_shwin.c">
      <Filter>Source Files\win32</Filter>
    </ClCompile>
    <ClCompile Include="src\win32\snd_win.c">
      <Filter>Source Files\win32</Filter>
    </ClCompile>
  </ItemGroup>
  <ItemGroup>
    <ClInclude Include="src\qcommon\crc.h">
      <Filter>Header Files\qcommon</Filter>
    </ClInclude>
    <ClInclude Include="src\qcommon\qcommon.h">
      <Filter>Header Files\qcommon</Filter>
    </ClInclude>
    <ClInclude Include="src\qcommon\qfiles.h">
      <Filter>Header Files\qcommon</Filter>
    </ClInclude>
    <ClInclude Include="src\server\server.h">
      <Filter>Header Files\server</Filter>
    </ClInclude>
    <ClInclude Include="src\client\client.h">
      <Filter>Header Files\client</Filter>
    </ClInclude>
    <ClInclude Include="src\client\console.h">
      <Filter>Header Files\client</Filter>
    </ClInclude>
    <ClInclude Include="src\client\input.h">
      <Filter>Header Files\client</Filter>
    </ClInclude>
    <ClInclude Include="src\client\keys.h">
      <Filter>Header Files\client</Filter>
    </ClInclude>
    <ClInclude Include="src\client\qmenu.h">
      <Filter>Header Files\client</Filter>
    </ClInclude>
    <ClInclude Include="src\client\ref.h">
      <Filter>Header Files\client</Filter>
    </ClInclude>
    <ClInclude Include="src\client\screen.h">
      <Filter>Header Files\client</Filter>
    </ClInclude>
    <ClInclude Include="src\client\snd_loc.h">
      <Filter>Header Files\client</Filter>
    </ClInclude>
    <ClInclude Include="src\client\sound.h">
      <Filter>Header Files\client</Filter>
    </ClInclude>
    <ClInclude Include="src\client\vid.h">
      <Filter>Header Files\client</Filter>
    </ClInclude>
    <ClInclude Include="src\client\anorms.h">
      <Filter>Header Files\client</Filter>
    </ClInclude>
    <ClInclude Include="src\game\q_shared.h">
      <Filter>Header Files\game</Filter>
    </ClInclude>
    <ClInclude Include="src\game\game.h">
      <Filter>Header Files\game</Filter>
    </ClInclude>
    <ClInclude Include="src\win32\winquake.h">
      <Filter>Header Files\win32</Filter>
    </ClInclude>
    <ClInclude Include="src\win32\conproc.h">
      <Filter>Header Files\win32</Filter>
    </ClInclude>
  </ItemGroup>
</Project>