<?xml version="1.0" encoding="utf-8"?>
<Project ToolsVersion="4.0" xmlns="http://schemas.microsoft.com/developer/msbuild/2003">
  <ItemGroup>
    <Filter Include="Source Files">
      <UniqueIdentifier>{4FC737F1-C7A5-4376-A066-2A32D752A2FF}</UniqueIdentifier>
      <Extensions>cpp;c;cc;cxx;c++;cppm;ixx;def;odl;idl;hpj;bat;asm;asmx</Extensions>
    </Filter>
    <Filter Include="Header Files">
      <UniqueIdentifier>{93995380-89BD-4b04-88EB-625FBE52EBFB}</UniqueIdentifier>
      <Extensions>h;hh;hpp;hxx;h++;hm;inl;inc;ipp;xsd</Extensions>
    </Filter>
    <Filter Include="Resource Files">
      <UniqueIdentifier>{67DA6AB6-F800-4c08-8B7A-83BB121AAD01}</UniqueIdentifier>
      <Extensions>rc;ico;cur;bmp;dlg;rc2;rct;bin;rgs;gif;jpg;jpeg;jpe;resx;tiff;tif;png;wav;mfcribbon-ms</Extensions>
    </Filter>
    <Filter Include="Source Files\win32">
      <UniqueIdentifier>{56d62138-fded-4d06-abcf-8a55c81294a3}</UniqueIdentifier>
    </Filter>
    <Filter Include="Source Files\game">
      <UniqueIdentifier>{12996930-5aa9-4d16-bc42-0f85f31c2fb7}</UniqueIdentifier>
    </Filter>
    <Filter Include="Header Files\win32">
      <UniqueIdentifier>{82648d62-4409-451e-b9d4-f9ad24a1a9e0}</UniqueIdentifier>
    </Filter>
    <Filter Include="Header Files\qcommon">
      <UniqueIdentifier>{5e6b9772-706d-4952-b477-a871a31deb7a}</UniqueIdentifier>
    </Filter>
    <Filter Include="Header Files\game">
      <UniqueIdentifier>{ff92722e-6789-49a2-a1c1-1e3492ce7ea5}</UniqueIdentifier>
    </Filter>
    <Filter Include="Header Files\client">
      <UniqueIdentifier>{eefafc57-7bd1-4df9-b920-b1a35e9bacad}</UniqueIdentifier>
    </Filter>
  </ItemGroup>
  <ItemGroup>
    <ClCompile Include="src\ref_gl\gl_light.c">
      <Filter>Source Files</Filter>
    </ClCompile>
    <ClCompile Include="src\ref_gl\gl_mesh.c">
      <Filter>Source Files</Filter>
    </ClCompile>
    <ClCompile Include="src\ref_gl\gl_model.c">
      <Filter>Source Files</Filter>
    </ClCompile>
    <ClCompile Include="src\ref_gl\gl_rmain.c">
      <Filter>Source Files</Filter>
    </ClCompile>
    <ClCompile Include="src\ref_gl\gl_rmisc.c">
      <Filter>Source Files</Filter>
    </ClCompile>
    <ClCompile Include="src\ref_gl\gl_rsurf.c">
      <Filter>Source Files</Filter>
    </ClCompile>
    <ClCompile Include="src\ref_gl\gl_warp.c">
      <Filter>Source Files</Filter>
    </ClCompile>
    <ClCompile Include="src\ref_gl\gl_draw.c">
      <Filter>Source Files</Filter>
    </ClCompile>
    <ClCompile Include="src\ref_gl\gl_image.c">
      <Filter>Source Files</Filter>
    </ClCompile>
    <ClCompile Include="src\win32\q_shwin.c">
      <Filter>Source Files\win32</Filter>
    </ClCompile>
    <ClCompile Include="src\win32\glw_imp.c">
      <Filter>Source Files\win32</Filter>
    </ClCompile>
    <ClCompile Include="src\win32\qgl_win.c">
      <Filter>Source Files\win32</Filter>
    </ClCompile>
    <ClCompile Include="src\game\q_shared.c">
      <Filter>Source Files\game</Filter>
    </ClCompile>
  </ItemGroup>
  <ItemGroup>
    <ClInclude Include="src\ref_gl\anormtab.h">
      <Filter>Header Files</Filter>
    </ClInclude>
    <ClInclude Include="src\ref_gl\gl_local.h">
      <Filter>Header Files</Filter>
    </ClInclude>
    <ClInclude Include="src\ref_gl\gl_model.h">
      <Filter>Header Files</Filter>
    </ClInclude>
    <ClInclude Include="src\ref_gl\anorms.h">
      <Filter>Header Files</Filter>
    </ClInclude>
    <ClInclude Include="src\win32\glw_win.h">
      <Filter>Header Files\win32</Filter>
    </ClInclude>
    <ClInclude Include="src\win32\winquake.h">
      <Filter>Header Files\win32</Filter>
    </ClInclude>
    <ClInclude Include="src\game\q_shared.h">
      <Filter>Header Files\game</Filter>
    </ClInclude>
    <ClInclude Include="src\qcommon\qcommon.h">
      <Filter>Header Files\qcommon</Filter>
    </ClInclude>
    <ClInclude Include="src\qcommon\qfiles.h">
      <Filter>Header Files\qcommon</Filter>
    </ClInclude>
    <ClInclude Include="src\client\ref.h">
      <Filter>Header Files\client</Filter>
    </ClInclude>
    <ClInclude Include="src\ref_gl\qgl.h">
      <Filter>Header Files</Filter>
    </ClInclude>
    <ClInclude Include="src\client\qmenu.h">
      <Filter>Header Files\client</Filter>
    </ClInclude>
    <ClInclude Include="src\ref_gl\warpsin.h">
      <Filter>Header Files</Filter>
    </ClInclude>
  </ItemGroup>
  <ItemGroup>
    <None Include="src\ref_gl\ref_gl.def">
      <Filter>Source Files</Filter>
    </None>
  </ItemGroup>
</Project>